{
    "_readme": [
        "This file locks the dependencies of your project to a known state",
        "Read more about it at https://getcomposer.org/doc/01-basic-usage.md#composer-lock-the-lock-file",
        "This file is @generated automatically"
    ],
    "hash": "77167cee192f1bc0c18962f1926bdded",
    "content-hash": "05977b5b21cf3e16d1f6872a001ff032",
    "packages": [
        {
            "name": "box/spout",
            "version": "v2.3.0",
            "source": {
                "type": "git",
                "url": "https://github.com/box/spout.git",
                "reference": "6124528161db5014216c7aa510ad889df46c269c"
            },
            "dist": {
                "type": "zip",
                "url": "https://api.github.com/repos/box/spout/zipball/6124528161db5014216c7aa510ad889df46c269c",
                "reference": "6124528161db5014216c7aa510ad889df46c269c",
                "shasum": ""
            },
            "require": {
                "ext-simplexml": "*",
                "ext-xmlreader": "*",
                "ext-zip": "*",
                "php": ">=5.4.0"
            },
            "require-dev": {
                "phpunit/phpunit": ">=3.7",
                "scrutinizer/ocular": "~1.1"
            },
            "suggest": {
                "ext-iconv": "To handle non UTF-8 CSV files (if \"php-intl\" is not already installed or is too limited)",
                "ext-intl": "To handle non UTF-8 CSV files (if \"iconv\" is not already installed)"
            },
            "type": "library",
            "autoload": {
                "psr-4": {
                    "Box\\Spout\\": "src/Spout"
                }
            },
            "notification-url": "https://packagist.org/downloads/",
            "license": [
                "Apache-2.0"
            ],
            "authors": [
                {
                    "name": "Adrien Loison",
                    "email": "adrien@box.com"
                }
            ],
            "description": "PHP Library to read and write spreadsheet files (CSV, XLSX and ODS), in a fast and scalable way",
            "homepage": "https://www.github.com/box/spout",
            "keywords": [
                "OOXML",
                "csv",
                "excel",
                "memory",
                "odf",
                "ods",
                "office",
                "open",
                "php",
                "read",
                "scale",
                "spreadsheet",
                "stream",
                "write",
                "xlsx"
            ],
            "time": "2015-09-02 21:30:19"
        },
        {
            "name": "firebase/php-jwt",
            "version": "2.0.0",
            "target-dir": "Firebase/PHP-JWT",
            "source": {
                "type": "git",
                "url": "https://github.com/firebase/php-jwt.git",
                "reference": "ffcfd888ce1e4f2d70cac2dc9b7301038332fe57"
            },
            "dist": {
                "type": "zip",
                "url": "https://api.github.com/repos/firebase/php-jwt/zipball/ffcfd888ce1e4f2d70cac2dc9b7301038332fe57",
                "reference": "ffcfd888ce1e4f2d70cac2dc9b7301038332fe57",
                "shasum": ""
            },
            "require": {
                "php": ">=5.2.0"
            },
            "type": "library",
            "autoload": {
                "classmap": [
                    "Authentication/",
                    "Exceptions/"
                ]
            },
            "notification-url": "https://packagist.org/downloads/",
            "license": [
                "BSD-3-Clause"
            ],
            "authors": [
                {
                    "name": "Neuman Vong",
                    "email": "neuman+pear@twilio.com",
                    "role": "Developer"
                },
                {
                    "name": "Anant Narayanan",
                    "email": "anant@php.net",
                    "role": "Developer"
                }
            ],
            "description": "A simple library to encode and decode JSON Web Tokens (JWT) in PHP. Should conform to the current spec.",
            "homepage": "https://github.com/firebase/php-jwt",
            "time": "2015-04-01 18:46:38"
        },
        {
            "name": "google/apiclient",
            "version": "dev-master",
            "source": {
                "type": "git",
                "url": "https://github.com/google/google-api-php-client.git",
                "reference": "bc896b12c138e50cae97eacb023035a84628238b"
            },
            "dist": {
                "type": "zip",
                "url": "https://api.github.com/repos/google/google-api-php-client/zipball/bc896b12c138e50cae97eacb023035a84628238b",
                "reference": "bc896b12c138e50cae97eacb023035a84628238b",
                "shasum": ""
            },
            "require": {
                "php": ">=5.2.1"
            },
            "require-dev": {
                "phpunit/phpunit": "3.7.*",
                "squizlabs/php_codesniffer": "~2.3"
            },
            "type": "library",
            "extra": {
                "branch-alias": {
                    "dev-master": "1.1.x-dev"
                }
            },
            "autoload": {
                "classmap": [
                    "src/"
                ]
            },
            "notification-url": "https://packagist.org/downloads/",
            "license": [
                "Apache-2.0"
            ],
            "description": "Client library for Google APIs",
            "homepage": "http://developers.google.com/api-client-library/php",
            "keywords": [
                "google"
            ],
            "time": "2015-10-09 17:17:49"
        },
        {
            "name": "guzzlehttp/guzzle",
            "version": "5.2.0",
            "source": {
                "type": "git",
                "url": "https://github.com/guzzle/guzzle.git",
                "reference": "475b29ccd411f2fa8a408e64576418728c032cfa"
            },
            "dist": {
                "type": "zip",
                "url": "https://api.github.com/repos/guzzle/guzzle/zipball/475b29ccd411f2fa8a408e64576418728c032cfa",
                "reference": "475b29ccd411f2fa8a408e64576418728c032cfa",
                "shasum": ""
            },
            "require": {
                "guzzlehttp/ringphp": "~1.0",
                "php": ">=5.4.0"
            },
            "require-dev": {
                "ext-curl": "*",
                "phpunit/phpunit": "~4.0",
                "psr/log": "~1.0"
            },
            "type": "library",
            "extra": {
                "branch-alias": {
                    "dev-master": "5.0-dev"
                }
            },
            "autoload": {
                "psr-4": {
                    "GuzzleHttp\\": "src/"
                }
            },
            "notification-url": "https://packagist.org/downloads/",
            "license": [
                "MIT"
            ],
            "authors": [
                {
                    "name": "Michael Dowling",
                    "email": "mtdowling@gmail.com",
                    "homepage": "https://github.com/mtdowling"
                }
            ],
            "description": "Guzzle is a PHP HTTP client library and framework for building RESTful web service clients",
            "homepage": "http://guzzlephp.org/",
            "keywords": [
                "client",
                "curl",
                "framework",
                "http",
                "http client",
                "rest",
                "web service"
            ],
            "time": "2015-01-28 01:03:29"
        },
        {
            "name": "guzzlehttp/ringphp",
            "version": "dev-master",
            "source": {
                "type": "git",
                "url": "https://github.com/guzzle/RingPHP.git",
                "reference": "9465032ac5d6beaa55f10923403e6e1c36018d9c"
            },
            "dist": {
                "type": "zip",
                "url": "https://api.github.com/repos/guzzle/RingPHP/zipball/9465032ac5d6beaa55f10923403e6e1c36018d9c",
                "reference": "9465032ac5d6beaa55f10923403e6e1c36018d9c",
                "shasum": ""
            },
            "require": {
                "guzzlehttp/streams": "~3.0",
                "php": ">=5.4.0",
                "react/promise": "~2.0"
            },
            "require-dev": {
                "ext-curl": "*",
                "phpunit/phpunit": "~4.0"
            },
            "suggest": {
                "ext-curl": "Guzzle will use specific adapters if cURL is present"
            },
            "type": "library",
            "extra": {
                "branch-alias": {
                    "dev-master": "1.1-dev"
                }
            },
            "autoload": {
                "psr-4": {
                    "GuzzleHttp\\Ring\\": "src/"
                }
            },
            "notification-url": "https://packagist.org/downloads/",
            "license": [
                "MIT"
            ],
            "authors": [
                {
                    "name": "Michael Dowling",
                    "email": "mtdowling@gmail.com",
                    "homepage": "https://github.com/mtdowling"
                }
            ],
            "description": "Provides a simple API and specification that abstracts away the details of HTTP into a single PHP function.",
            "time": "2015-05-21 17:23:02"
        },
        {
            "name": "guzzlehttp/streams",
            "version": "dev-master",
            "source": {
                "type": "git",
                "url": "https://github.com/guzzle/streams.git",
                "reference": "d1f8a6c55f0f753cfd6f6755856473eb02cedb19"
            },
            "dist": {
                "type": "zip",
                "url": "https://api.github.com/repos/guzzle/streams/zipball/d1f8a6c55f0f753cfd6f6755856473eb02cedb19",
                "reference": "d1f8a6c55f0f753cfd6f6755856473eb02cedb19",
                "shasum": ""
            },
            "require": {
                "php": ">=5.4.0"
            },
            "require-dev": {
                "phpunit/phpunit": "~4.0"
            },
            "type": "library",
            "extra": {
                "branch-alias": {
                    "dev-master": "3.0-dev"
                }
            },
            "autoload": {
                "psr-4": {
                    "GuzzleHttp\\Stream\\": "src/"
                }
            },
            "notification-url": "https://packagist.org/downloads/",
            "license": [
                "MIT"
            ],
            "authors": [
                {
                    "name": "Michael Dowling",
                    "email": "mtdowling@gmail.com",
                    "homepage": "https://github.com/mtdowling"
                }
            ],
            "description": "Provides a simple abstraction over streams of data",
            "homepage": "http://guzzlephp.org/",
            "keywords": [
                "Guzzle",
                "stream"
            ],
            "time": "2015-01-22 00:01:34"
        },
        {
            "name": "maknz/slack",
            "version": "1.7.0",
            "source": {
                "type": "git",
                "url": "https://github.com/maknz/slack.git",
                "reference": "7f21fefc70c76b304adc1b3a780c8740dfcfb595"
            },
            "dist": {
                "type": "zip",
                "url": "https://api.github.com/repos/maknz/slack/zipball/7f21fefc70c76b304adc1b3a780c8740dfcfb595",
                "reference": "7f21fefc70c76b304adc1b3a780c8740dfcfb595",
                "shasum": ""
            },
            "require": {
                "ext-mbstring": "*",
                "guzzlehttp/guzzle": "~6.0|~5.0|~4.0",
                "php": ">=5.4.0"
            },
            "require-dev": {
                "mockery/mockery": "0.9.*",
                "phpunit/phpunit": "4.2.*"
            },
            "suggest": {
                "illuminate/support": "Required for Laravel support"
            },
            "type": "library",
            "autoload": {
                "psr-4": {
                    "Maknz\\Slack\\": "src/"
                }
            },
            "notification-url": "https://packagist.org/downloads/",
            "license": [
                "BSD-2-Clause"
            ],
            "authors": [
                {
                    "name": "maknz",
                    "email": "github@mak.geek.nz"
                }
            ],
            "description": "A simple PHP package for sending messages to Slack, with a focus on ease of use and elegant syntax. Includes Laravel support out of the box.",
            "keywords": [
                "laravel",
                "slack"
            ],
            "time": "2015-06-03 03:35:16"
        },
        {
            "name": "react/promise",
            "version": "v2.2.1",
            "source": {
                "type": "git",
                "url": "https://github.com/reactphp/promise.git",
                "reference": "3b6fca09c7d56321057fa8867c8dbe1abf648627"
            },
            "dist": {
                "type": "zip",
                "url": "https://api.github.com/repos/reactphp/promise/zipball/3b6fca09c7d56321057fa8867c8dbe1abf648627",
                "reference": "3b6fca09c7d56321057fa8867c8dbe1abf648627",
                "shasum": ""
            },
            "require": {
                "php": ">=5.4.0"
            },
            "type": "library",
            "extra": {
                "branch-alias": {
                    "dev-master": "2.0-dev"
                }
            },
            "autoload": {
                "psr-4": {
                    "React\\Promise\\": "src/"
                },
                "files": [
                    "src/functions_include.php"
                ]
            },
            "notification-url": "https://packagist.org/downloads/",
            "license": [
                "MIT"
            ],
            "authors": [
                {
                    "name": "Jan Sorgalla",
                    "email": "jsorgalla@gmail.com"
                }
            ],
            "description": "A lightweight implementation of CommonJS Promises/A for PHP",
            "time": "2015-07-03 13:48:55"
        }
    ],
    "packages-dev": [],
    "aliases": [],
    "minimum-stability": "dev",
    "stability-flags": [],
    "prefer-stable": false,
    "prefer-lowest": false,
    "platform": {
        "php": ">=5.4.0"
    },
    "platform-dev": []
}
